
Microsoft Visual Studio Solution File, Format Version 12.00
# Visual Studio Version 17
VisualStudioVersion = 17.13.35828.75 d17.13
MinimumVisualStudioVersion = 10.0.40219.1
Project("{FAE04EC0-301F-11D3-BF4B-00C04F79EFBC}") = "Portal-BE", "Portal-BE\Portal-BE.csproj", "{73BA9B56-CBFF-4D11-A929-7339F89E2B94}"
EndProject
Global
	GlobalSection(SolutionConfigurationPlatforms) = preSolution
		Debug|Any CPU = Debug|Any CPU
		Release|Any CPU = Release|Any CPU
	EndGlobalSection
	GlobalSection(ProjectConfigurationPlatforms) = postSolution
		{73BA9B56-CBFF-4D11-A929-7339F89E2B94}.Debug|Any CPU.ActiveCfg = Debug|Any CPU
		{73BA9B56-CBFF-4D11-A929-7339F89E2B94}.Debug|Any CPU.Build.0 = Debug|Any CPU
		{73BA9B56-CBFF-4D11-A929-7339F89E2B94}.Release|Any CPU.ActiveCfg = Release|Any CPU
		{73BA9B56-CBFF-4D11-A929-7339F89E2B94}.Release|Any CPU.Build.0 = Release|Any CPU
	EndGlobalSection
	GlobalSection(SolutionProperties) = preSolution
		HideSolutionNode = FALSE
	EndGlobalSection
	GlobalSection(ExtensibilityGlobals) = postSolution
		SolutionGuid = {91BEB45E-80AD-4238-A278-0FC859B1DE8D}
	EndGlobalSection
EndGlobal
